
Microsoft Visual Studio Solution File, Format Version 12.00
# Visual Studio Version 18
VisualStudioVersion = 18.7.11925.98 stable
MinimumVisualStudioVersion = 10.0.40219.1
Project("{9A19103F-16F7-4668-BE54-9A1E7A4F7556}") = "DevBrewLabs.Parserly", "DevBrewLabs.Parserly\DevBrewLabs.Parserly.csproj", "{D534137A-C7DD-4794-918C-0DF01659638F}"
EndProject
Project("{9A19103F-16F7-4668-BE54-9A1E7A4F7556}") = "DevBrewLabs.Parserly.Tests", "DevBrewLabs.Parserly.Tests\DevBrewLabs.Parserly.Tests.csproj", "{4C3EFE05-D3D8-4251-B23A-7CFAF6B07B55}"
EndProject
Project("{9A19103F-16F7-4668-BE54-9A1E7A4F7556}") = "DevBrewLabs.Parserly.PlayGround", "DevBrewLabs.Parserly.PlayGround\DevBrewLabs.Parserly.PlayGround.csproj", "{B14E5910-B101-4BAA-B95B-E13A76451089}"
EndProject
Global
	GlobalSection(SolutionConfigurationPlatforms) = preSolution
		Debug|Any CPU = Debug|Any CPU
		Release|Any CPU = Release|Any CPU
	EndGlobalSection
	GlobalSection(ProjectConfigurationPlatforms) = postSolution
		{D534137A-C7DD-4794-918C-0DF01659638F}.Debug|Any CPU.ActiveCfg = Debug|Any CPU
		{D534137A-C7DD-4794-918C-0DF01659638F}.Debug|Any CPU.Build.0 = Debug|Any CPU
		{D534137A-C7DD-4794-918C-0DF01659638F}.Release|Any CPU.ActiveCfg = Release|Any CPU
		{D534137A-C7DD-4794-918C-0DF01659638F}.Release|Any CPU.Build.0 = Release|Any CPU
		{4C3EFE05-D3D8-4251-B23A-7CFAF6B07B55}.Debug|Any CPU.ActiveCfg = Debug|Any CPU
		{4C3EFE05-D3D8-4251-B23A-7CFAF6B07B55}.Debug|Any CPU.Build.0 = Debug|Any CPU
		{4C3EFE05-D3D8-4251-B23A-7CFAF6B07B55}.Release|Any CPU.ActiveCfg = Release|Any CPU
		{4C3EFE05-D3D8-4251-B23A-7CFAF6B07B55}.Release|Any CPU.Build.0 = Release|Any CPU
		{B14E5910-B101-4BAA-B95B-E13A76451089}.Debug|Any CPU.ActiveCfg = Debug|Any CPU
		{B14E5910-B101-4BAA-B95B-E13A76451089}.Debug|Any CPU.Build.0 = Debug|Any CPU
		{B14E5910-B101-4BAA-B95B-E13A76451089}.Release|Any CPU.ActiveCfg = Release|Any CPU
		{B14E5910-B101-4BAA-B95B-E13A76451089}.Release|Any CPU.Build.0 = Release|Any CPU
	EndGlobalSection
	GlobalSection(SolutionProperties) = preSolution
		HideSolutionNode = FALSE
	EndGlobalSection
	GlobalSection(ExtensibilityGlobals) = postSolution
		SolutionGuid = {B859E712-29BB-409B-9D03-3A20B9AFBF84}
	EndGlobalSection
EndGlobal
